// !$*UTF8*$!
{
	archiveVersion = 1;
	classes = {
	};
	objectVersion = 46;
	objects = {

/* Begin PBXBuildFile section */
		3E35AE09143B7B80002325C3 /* PhotoGridController.m in Sources */ = {isa = PBXBuildFile; fileRef = 3E35AE08143B7B80002325C3 /* PhotoGridController.m */; };
		3E35AE0D143B9400002325C3 /* SCImageCollectionViewItem.m in Sources */ = {isa = PBXBuildFile; fileRef = 3E35AE0C143B9400002325C3 /* SCImageCollectionViewItem.m */; };
		3E35AE10143B98B7002325C3 /* btn_edit.png in Resources */ = {isa = PBXBuildFile; fileRef = 3E35AE0F143B98B7002325C3 /* btn_edit.png */; };
		3E35AE13143B9F2F002325C3 /* bg-navbar.png in Resources */ = {isa = PBXBuildFile; fileRef = 3E35AE11143B9F2F002325C3 /* bg-navbar.png */; };
		3E35AE14143B9F2F002325C3 /* bg-toolbar.png in Resources */ = {isa = PBXBuildFile; fileRef = 3E35AE12143B9F2F002325C3 /* bg-toolbar.png */; };
		3E37E074143A63E800E5A970 /* UIKit.framework in Frameworks */ = {isa = PBXBuildFile; fileRef = 3E37E073143A63E800E5A970 /* UIKit.framework */; };
		3E37E076143A63E800E5A970 /* Foundation.framework in Frameworks */ = {isa = PBXBuildFile; fileRef = 3E37E075143A63E800E5A970 /* Foundation.framework */; };
		3E37E078143A63E800E5A970 /* CoreGraphics.framework in Frameworks */ = {isa = PBXBuildFile; fileRef = 3E37E077143A63E800E5A970 /* CoreGraphics.framework */; };
		3E37E07E143A63E800E5A970 /* InfoPlist.strings in Resources */ = {isa = PBXBuildFile; fileRef = 3E37E07C143A63E800E5A970 /* InfoPlist.strings */; };
		3E37E080143A63E800E5A970 /* main.m in Sources */ = {isa = PBXBuildFile; fileRef = 3E37E07F143A63E800E5A970 /* main.m */; };
		3E37E084143A63E800E5A970 /* ImageGalleryAppDelegate.m in Sources */ = {isa = PBXBuildFile; fileRef = 3E37E083143A63E800E5A970 /* ImageGalleryAppDelegate.m */; };
		3E37E087143A63E800E5A970 /* MainWindow.xib in Resources */ = {isa = PBXBuildFile; fileRef = 3E37E085143A63E800E5A970 /* MainWindow.xib */; };
		3E37E096143A648C00E5A970 /* QuartzCore.framework in Frameworks */ = {isa = PBXBuildFile; fileRef = 3E37E095143A648C00E5A970 /* QuartzCore.framework */; };
		3E37E0A6143A64DA00E5A970 /* libSSToolkit.a in Frameworks */ = {isa = PBXBuildFile; fileRef = 3E37E0A1143A64B400E5A970 /* libSSToolkit.a */; };
		3E37E0C5143AC90300E5A970 /* SCAppUtils.m in Sources */ = {isa = PBXBuildFile; fileRef = 3E37E0C0143AC90300E5A970 /* SCAppUtils.m */; };
		3E37E0C6143AC90300E5A970 /* SCClassUtils.m in Sources */ = {isa = PBXBuildFile; fileRef = 3E37E0C2143AC90300E5A970 /* SCClassUtils.m */; };
		3E37E0C7143AC90300E5A970 /* UINavigationBar+SCBackgroundImage.m in Sources */ = {isa = PBXBuildFile; fileRef = 3E37E0C4143AC90300E5A970 /* UINavigationBar+SCBackgroundImage.m */; };
		3ED2C194143E18BF001F17C5 /* btn_photo.png in Resources */ = {isa = PBXBuildFile; fileRef = 3ED2C193143E18BF001F17C5 /* btn_photo.png */; };
/* End PBXBuildFile section */

/* Begin PBXContainerItemProxy section */
		3E37E0A0143A64B400E5A970 /* PBXContainerItemProxy */ = {
			isa = PBXContainerItemProxy;
			containerPortal = 3E37E097143A64B400E5A970 /* SSToolkit.xcodeproj */;
			proxyType = 2;
			remoteGlobalIDString = D2AAC07E0554694100DB518D;
			remoteInfo = SSToolkit;
		};
		3E37E0A2143A64B400E5A970 /* PBXContainerItemProxy */ = {
			isa = PBXContainerItemProxy;
			containerPortal = 3E37E097143A64B400E5A970 /* SSToolkit.xcodeproj */;
			proxyType = 2;
			remoteGlobalIDString = B239101D1357DC3E00ADE21B;
			remoteInfo = SSToolkitTests;
		};
		3E37E0A4143A64D200E5A970 /* PBXContainerItemProxy */ = {
			isa = PBXContainerItemProxy;
			containerPortal = 3E37E097143A64B400E5A970 /* SSToolkit.xcodeproj */;
			proxyType = 1;
			remoteGlobalIDString = D2AAC07D0554694100DB518D;
			remoteInfo = SSToolkit;
		};
/* End PBXContainerItemProxy section */

/* Begin PBXFileReference section */
		3E35AE07143B7B80002325C3 /* PhotoGridController.h */ = {isa = PBXFileReference; fileEncoding = 4; lastKnownFileType = sourcecode.c.h; name = PhotoGridController.h; path = Classes/Controllers/PhotoGridController.h; sourceTree = SOURCE_ROOT; };
		3E35AE08143B7B80002325C3 /* PhotoGridController.m */ = {isa = PBXFileReference; fileEncoding = 4; lastKnownFileType = sourcecode.c.objc; name = PhotoGridController.m; path = Classes/Controllers/PhotoGridController.m; sourceTree = SOURCE_ROOT; };
		3E35AE0B143B9400002325C3 /* SCImageCollectionViewItem.h */ = {isa = PBXFileReference; fileEncoding = 4; lastKnownFileType = sourcecode.c.h; name = SCImageCollectionViewItem.h; path = Classes/Views/SCImageCollectionViewItem.h; sourceTree = SOURCE_ROOT; };
		3E35AE0C143B9400002325C3 /* SCImageCollectionViewItem.m */ = {isa = PBXFileReference; fileEncoding = 4; lastKnownFileType = sourcecode.c.objc; name = SCImageCollectionViewItem.m; path = Classes/Views/SCImageCollectionViewItem.m; sourceTree = SOURCE_ROOT; };
		3E35AE0F143B98B7002325C3 /* btn_edit.png */ = {isa = PBXFileReference; lastKnownFileType = image.png; name = btn_edit.png; path = Resources/Images/Buttons/btn_edit.png; sourceTree = "<group>"; };
		3E35AE11143B9F2F002325C3 /* bg-navbar.png */ = {isa = PBXFileReference; lastKnownFileType = image.png; name = "bg-navbar.png"; path = "Resources/Images/Backgrounds/bg-navbar.png"; sourceTree = "<group>"; };
		3E35AE12143B9F2F002325C3 /* bg-toolbar.png */ = {isa = PBXFileReference; lastKnownFileType = image.png; name = "bg-toolbar.png"; path = "Resources/Images/Backgrounds/bg-toolbar.png"; sourceTree = "<group>"; };
		3E37E06F143A63E800E5A970 /* ImageGallery.app */ = {isa = PBXFileReference; explicitFileType = wrapper.application; includeInIndex = 0; path = ImageGallery.app; sourceTree = BUILT_PRODUCTS_DIR; };
		3E37E073143A63E800E5A970 /* UIKit.framework */ = {isa = PBXFileReference; lastKnownFileType = wrapper.framework; name = UIKit.framework; path = System/Library/Frameworks/UIKit.framework; sourceTree = SDKROOT; };
		3E37E075143A63E800E5A970 /* Foundation.framework */ = {isa = PBXFileReference; lastKnownFileType = wrapper.framework; name = Foundation.framework; path = System/Library/Frameworks/Foundation.framework; sourceTree = SDKROOT; };
		3E37E077143A63E800E5A970 /* CoreGraphics.framework */ = {isa = PBXFileReference; lastKnownFileType = wrapper.framework; name = CoreGraphics.framework; path = System/Library/Frameworks/CoreGraphics.framework; sourceTree = SDKROOT; };
		3E37E07B143A63E800E5A970 /* ImageGallery-Info.plist */ = {isa = PBXFileReference; lastKnownFileType = text.plist.xml; path = "ImageGallery-Info.plist"; sourceTree = "<group>"; };
		3E37E07D143A63E800E5A970 /* en */ = {isa = PBXFileReference; lastKnownFileType = text.plist.strings; name = en; path = en.lproj/InfoPlist.strings; sourceTree = "<group>"; };
		3E37E07F143A63E800E5A970 /* main.m */ = {isa = PBXFileReference; lastKnownFileType = sourcecode.c.objc; path = main.m; sourceTree = "<group>"; };
		3E37E081143A63E800E5A970 /* ImageGallery-Prefix.pch */ = {isa = PBXFileReference; lastKnownFileType = sourcecode.c.h; path = "ImageGallery-Prefix.pch"; sourceTree = "<group>"; };
		3E37E082143A63E800E5A970 /* ImageGalleryAppDelegate.h */ = {isa = PBXFileReference; lastKnownFileType = sourcecode.c.h; path = ImageGalleryAppDelegate.h; sourceTree = "<group>"; };
		3E37E083143A63E800E5A970 /* ImageGalleryAppDelegate.m */ = {isa = PBXFileReference; lastKnownFileType = sourcecode.c.objc; path = ImageGalleryAppDelegate.m; sourceTree = "<group>"; };
		3E37E086143A63E800E5A970 /* en */ = {isa = PBXFileReference; lastKnownFileType = file.xib; name = en; path = en.lproj/MainWindow.xib; sourceTree = "<group>"; };
		3E37E095143A648C00E5A970 /* QuartzCore.framework */ = {isa = PBXFileReference; lastKnownFileType = wrapper.framework; name = QuartzCore.framework; path = System/Library/Frameworks/QuartzCore.framework; sourceTree = SDKROOT; };
		3E37E097143A64B400E5A970 /* SSToolkit.xcodeproj */ = {isa = PBXFileReference; lastKnownFileType = "wrapper.pb-project"; name = SSToolkit.xcodeproj; path = Vendor/SSToolkit/SSToolkit.xcodeproj; sourceTree = "<group>"; };
		3E37E0BF143AC90300E5A970 /* SCAppUtils.h */ = {isa = PBXFileReference; fileEncoding = 4; lastKnownFileType = sourcecode.c.h; name = SCAppUtils.h; path = Classes/SCUtils/SCAppUtils.h; sourceTree = SOURCE_ROOT; };
		3E37E0C0143AC90300E5A970 /* SCAppUtils.m */ = {isa = PBXFileReference; fileEncoding = 4; lastKnownFileType = sourcecode.c.objc; name = SCAppUtils.m; path = Classes/SCUtils/SCAppUtils.m; sourceTree = SOURCE_ROOT; };
		3E37E0C1143AC90300E5A970 /* SCClassUtils.h */ = {isa = PBXFileReference; fileEncoding = 4; lastKnownFileType = sourcecode.c.h; name = SCClassUtils.h; path = Classes/SCUtils/SCClassUtils.h; sourceTree = SOURCE_ROOT; };
		3E37E0C2143AC90300E5A970 /* SCClassUtils.m */ = {isa = PBXFileReference; fileEncoding = 4; lastKnownFileType = sourcecode.c.objc; name = SCClassUtils.m; path = Classes/SCUtils/SCClassUtils.m; sourceTree = SOURCE_ROOT; };
		3E37E0C3143AC90300E5A970 /* UINavigationBar+SCBackgroundImage.h */ = {isa = PBXFileReference; fileEncoding = 4; lastKnownFileType = sourcecode.c.h; name = "UINavigationBar+SCBackgroundImage.h"; path = "Classes/SCUtils/UINavigationBar+SCBackgroundImage.h"; sourceTree = SOURCE_ROOT; };
		3E37E0C4143AC90300E5A970 /* UINavigationBar+SCBackgroundImage.m */ = {isa = PBXFileReference; fileEncoding = 4; lastKnownFileType = sourcecode.c.objc; name = "UINavigationBar+SCBackgroundImage.m"; path = "Classes/SCUtils/UINavigationBar+SCBackgroundImage.m"; sourceTree = SOURCE_ROOT; };
		3ED2C193143E18BF001F17C5 /* btn_photo.png */ = {isa = PBXFileReference; lastKnownFileType = image.png; name = btn_photo.png; path = Resources/Images/Buttons/btn_photo.png; sourceTree = "<group>"; };
/* End PBXFileReference section */

/* Begin PBXFrameworksBuildPhase section */
		3E37E06C143A63E800E5A970 /* Frameworks */ = {
			isa = PBXFrameworksBuildPhase;
			buildActionMask = 2147483647;
			files = (
				3E37E0A6143A64DA00E5A970 /* libSSToolkit.a in Frameworks */,
				3E37E096143A648C00E5A970 /* QuartzCore.framework in Frameworks */,
				3E37E074143A63E800E5A970 /* UIKit.framework in Frameworks */,
				3E37E076143A63E800E5A970 /* Foundation.framework in Frameworks */,
				3E37E078143A63E800E5A970 /* CoreGraphics.framework in Frameworks */,
			);
			runOnlyForDeploymentPostprocessing = 0;
		};
/* End PBXFrameworksBuildPhase section */

/* Begin PBXGroup section */
		3E35AE06143B7B27002325C3 /* Controllers */ = {
			isa = PBXGroup;
			children = (
				3E35AE07143B7B80002325C3 /* PhotoGridController.h */,
				3E35AE08143B7B80002325C3 /* PhotoGridController.m */,
			);
			name = Controllers;
			sourceTree = "<group>";
		};
		3E35AE0A143B93C6002325C3 /* Views */ = {
			isa = PBXGroup;
			children = (
				3E35AE0B143B9400002325C3 /* SCImageCollectionViewItem.h */,
				3E35AE0C143B9400002325C3 /* SCImageCollectionViewItem.m */,
			);
			name = Views;
			sourceTree = "<group>";
		};
		3E35AE0E143B9891002325C3 /* Buttons */ = {
			isa = PBXGroup;
			children = (
				3ED2C193143E18BF001F17C5 /* btn_photo.png */,
				3E35AE0F143B98B7002325C3 /* btn_edit.png */,
			);
			name = Buttons;
			sourceTree = "<group>";
		};
		3E37E064143A63E700E5A970 = {
			isa = PBXGroup;
			children = (
				3E37E079143A63E800E5A970 /* Classes */,
				3E37E07A143A63E800E5A970 /* Supporting Files */,
				3E37E094143A644800E5A970 /* Resources */,
				3E37E072143A63E800E5A970 /* Frameworks */,
				3E37E070143A63E800E5A970 /* Products */,
			);
			sourceTree = "<group>";
		};
		3E37E070143A63E800E5A970 /* Products */ = {
			isa = PBXGroup;
			children = (
				3E37E06F143A63E800E5A970 /* ImageGallery.app */,
			);
			name = Products;
			sourceTree = "<group>";
		};
		3E37E072143A63E800E5A970 /* Frameworks */ = {
			isa = PBXGroup;
			children = (
				3E37E097143A64B400E5A970 /* SSToolkit.xcodeproj */,
				3E37E073143A63E800E5A970 /* UIKit.framework */,
				3E37E075143A63E800E5A970 /* Foundation.framework */,
				3E37E077143A63E800E5A970 /* CoreGraphics.framework */,
				3E37E095143A648C00E5A970 /* QuartzCore.framework */,
			);
			name = Frameworks;
			sourceTree = "<group>";
		};
		3E37E079143A63E800E5A970 /* Classes */ = {
			isa = PBXGroup;
			children = (
				3E35AE0A143B93C6002325C3 /* Views */,
				3E35AE06143B7B27002325C3 /* Controllers */,
				3E37E0BE143AC60900E5A970 /* SCUtils */,
				3E37E082143A63E800E5A970 /* ImageGalleryAppDelegate.h */,
				3E37E083143A63E800E5A970 /* ImageGalleryAppDelegate.m */,
			);
			name = Classes;
			path = ImageGallery;
			sourceTree = "<group>";
		};
		3E37E07A143A63E800E5A970 /* Supporting Files */ = {
			isa = PBXGroup;
			children = (
				3E37E07B143A63E800E5A970 /* ImageGallery-Info.plist */,
				3E37E07C143A63E800E5A970 /* InfoPlist.strings */,
				3E37E07F143A63E800E5A970 /* main.m */,
				3E37E081143A63E800E5A970 /* ImageGallery-Prefix.pch */,
			);
			name = "Supporting Files";
			path = ImageGallery;
			sourceTree = "<group>";
		};
		3E37E094143A644800E5A970 /* Resources */ = {
			isa = PBXGroup;
			children = (
				3E37E0CA143AC95200E5A970 /* Images */,
				3E37E085143A63E800E5A970 /* MainWindow.xib */,
			);
			name = Resources;
			sourceTree = "<group>";
		};
		3E37E098143A64B400E5A970 /* Products */ = {
			isa = PBXGroup;
			children = (
				3E37E0A1143A64B400E5A970 /* libSSToolkit.a */,
				3E37E0A3143A64B400E5A970 /* SSToolkitTests.app */,
			);
			name = Products;
			sourceTree = "<group>";
		};
		3E37E0BE143AC60900E5A970 /* SCUtils */ = {
			isa = PBXGroup;
			children = (
				3E37E0BF143AC90300E5A970 /* SCAppUtils.h */,
				3E37E0C0143AC90300E5A970 /* SCAppUtils.m */,
				3E37E0C1143AC90300E5A970 /* SCClassUtils.h */,
				3E37E0C2143AC90300E5A970 /* SCClassUtils.m */,
				3E37E0C3143AC90300E5A970 /* UINavigationBar+SCBackgroundImage.h */,
				3E37E0C4143AC90300E5A970 /* UINavigationBar+SCBackgroundImage.m */,
			);
			name = SCUtils;
			sourceTree = "<group>";
		};
		3E37E0CA143AC95200E5A970 /* Images */ = {
			isa = PBXGroup;
			children = (
				3E35AE0E143B9891002325C3 /* Buttons */,
				3E37E0CB143AC95D00E5A970 /* Backgrounds */,
			);
			name = Images;
			sourceTree = "<group>";
		};
		3E37E0CB143AC95D00E5A970 /* Backgrounds */ = {
			isa = PBXGroup;
			children = (
				3E35AE11143B9F2F002325C3 /* bg-navbar.png */,
				3E35AE12143B9F2F002325C3 /* bg-toolbar.png */,
			);
			name = Backgrounds;
			sourceTree = "<group>";
		};
/* End PBXGroup section */

/* Begin PBXNativeTarget section */
		3E37E06E143A63E800E5A970 /* ImageGallery */ = {
			isa = PBXNativeTarget;
			buildConfigurationList = 3E37E090143A63E900E5A970 /* Build configuration list for PBXNativeTarget "ImageGallery" */;
			buildPhases = (
				3E37E06B143A63E800E5A970 /* Sources */,
				3E37E06C143A63E800E5A970 /* Frameworks */,
				3E37E06D143A63E800E5A970 /* Resources */,
			);
			buildRules = (
			);
			dependencies = (
				3E37E0A5143A64D200E5A970 /* PBXTargetDependency */,
			);
			name = ImageGallery;
			productName = ImageGallery;
			productReference = 3E37E06F143A63E800E5A970 /* ImageGallery.app */;
			productType = "com.apple.product-type.application";
		};
/* End PBXNativeTarget section */

/* Begin PBXProject section */
		3E37E066143A63E700E5A970 /* Project object */ = {
			isa = PBXProject;
			attributes = {
				ORGANIZATIONNAME = Epam;
			};
			buildConfigurationList = 3E37E069143A63E700E5A970 /* Build configuration list for PBXProject "ImageGallery" */;
			compatibilityVersion = "Xcode 3.2";
			developmentRegion = English;
			hasScannedForEncodings = 0;
			knownRegions = (
				en,
			);
			mainGroup = 3E37E064143A63E700E5A970;
			productRefGroup = 3E37E070143A63E800E5A970 /* Products */;
			projectDirPath = "";
			projectReferences = (
				{
					ProductGroup = 3E37E098143A64B400E5A970 /* Products */;
					ProjectRef = 3E37E097143A64B400E5A970 /* SSToolkit.xcodeproj */;
				},
			);
			projectRoot = "";
			targets = (
				3E37E06E143A63E800E5A970 /* ImageGallery */,
			);
		};
/* End PBXProject section */

/* Begin PBXReferenceProxy section */
		3E37E0A1143A64B400E5A970 /* libSSToolkit.a */ = {
			isa = PBXReferenceProxy;
			fileType = archive.ar;
			path = libSSToolkit.a;
			remoteRef = 3E37E0A0143A64B400E5A970 /* PBXContainerItemProxy */;
			sourceTree = BUILT_PRODUCTS_DIR;
		};
		3E37E0A3143A64B400E5A970 /* SSToolkitTests.app */ = {
			isa = PBXReferenceProxy;
			fileType = wrapper.application;
			path = SSToolkitTests.app;
			remoteRef = 3E37E0A2143A64B400E5A970 /* PBXContainerItemProxy */;
			sourceTree = BUILT_PRODUCTS_DIR;
		};
/* End PBXReferenceProxy section */

/* Begin PBXResourcesBuildPhase section */
		3E37E06D143A63E800E5A970 /* Resources */ = {
			isa = PBXResourcesBuildPhase;
			buildActionMask = 2147483647;
			files = (
				3E37E07E143A63E800E5A970 /* InfoPlist.strings in Resources */,
				3E37E087143A63E800E5A970 /* MainWindow.xib in Resources */,
				3E35AE10143B98B7002325C3 /* btn_edit.png in Resources */,
				3E35AE13143B9F2F002325C3 /* bg-navbar.png in Resources */,
				3E35AE14143B9F2F002325C3 /* bg-toolbar.png in Resources */,
				3ED2C194143E18BF001F17C5 /* btn_photo.png in Resources */,
			);
			runOnlyForDeploymentPostprocessing = 0;
		};
/* End PBXResourcesBuildPhase section */

/* Begin PBXSourcesBuildPhase section */
		3E37E06B143A63E800E5A970 /* Sources */ = {
			isa = PBXSourcesBuildPhase;
			buildActionMask = 2147483647;
			files = (
				3E37E080143A63E800E5A970 /* main.m in Sources */,
				3E37E084143A63E800E5A970 /* ImageGalleryAppDelegate.m in Sources */,
				3E37E0C5143AC90300E5A970 /* SCAppUtils.m in Sources */,
				3E37E0C6143AC90300E5A970 /* SCClassUtils.m in Sources */,
				3E37E0C7143AC90300E5A970 /* UINavigationBar+SCBackgroundImage.m in Sources */,
				3E35AE09143B7B80002325C3 /* PhotoGridController.m in Sources */,
				3E35AE0D143B9400002325C3 /* SCImageCollectionViewItem.m in Sources */,
			);
			runOnlyForDeploymentPostprocessing = 0;
		};
/* End PBXSourcesBuildPhase section */

/* Begin PBXTargetDependency section */
		3E37E0A5143A64D200E5A970 /* PBXTargetDependency */ = {
			isa = PBXTargetDependency;
			name = SSToolkit;
			targetProxy = 3E37E0A4143A64D200E5A970 /* PBXContainerItemProxy */;
		};
/* End PBXTargetDependency section */

/* Begin PBXVariantGroup section */
		3E37E07C143A63E800E5A970 /* InfoPlist.strings */ = {
			isa = PBXVariantGroup;
			children = (
				3E37E07D143A63E800E5A970 /* en */,
			);
			name = InfoPlist.strings;
			sourceTree = "<group>";
		};
		3E37E085143A63E800E5A970 /* MainWindow.xib */ = {
			isa = PBXVariantGroup;
			children = (
				3E37E086143A63E800E5A970 /* en */,
			);
			name = MainWindow.xib;
			path = ImageGallery;
			sourceTree = "<group>";
		};
/* End PBXVariantGroup section */

/* Begin XCBuildConfiguration section */
		3E37E08E143A63E900E5A970 /* Debug */ = {
			isa = XCBuildConfiguration;
			buildSettings = {
				ALWAYS_SEARCH_USER_PATHS = NO;
				ARCHS = "$(ARCHS_STANDARD_32_BIT)";
				"CODE_SIGN_IDENTITY[sdk=iphoneos*]" = "iPhone Developer";
				COPY_PHASE_STRIP = NO;
				GCC_C_LANGUAGE_STANDARD = gnu99;
				GCC_DYNAMIC_NO_PIC = NO;
				GCC_OPTIMIZATION_LEVEL = 0;
				GCC_PREPROCESSOR_DEFINITIONS = (
					"DEBUG=1",
					"$(inherited)",
				);
				GCC_SYMBOLS_PRIVATE_EXTERN = NO;
				GCC_VERSION = com.apple.compilers.llvmgcc42;
				GCC_WARN_ABOUT_MISSING_PROTOTYPES = YES;
				GCC_WARN_ABOUT_RETURN_TYPE = YES;
				GCC_WARN_UNUSED_VARIABLE = YES;
				IPHONEOS_DEPLOYMENT_TARGET = 4.3;
				SDKROOT = iphoneos;
			};
			name = Debug;
		};
		3E37E08F143A63E900E5A970 /* Release */ = {
			isa = XCBuildConfiguration;
			buildSettings = {
				ALWAYS_SEARCH_USER_PATHS = NO;
				ARCHS = "$(ARCHS_STANDARD_32_BIT)";
				"CODE_SIGN_IDENTITY[sdk=iphoneos*]" = "iPhone Developer";
				COPY_PHASE_STRIP = YES;
				GCC_C_LANGUAGE_STANDARD = gnu99;
				GCC_VERSION = com.apple.compilers.llvmgcc42;
				GCC_WARN_ABOUT_MISSING_PROTOTYPES = YES;
				GCC_WARN_ABOUT_RETURN_TYPE = YES;
				GCC_WARN_UNUSED_VARIABLE = YES;
				IPHONEOS_DEPLOYMENT_TARGET = 4.3;
				OTHER_CFLAGS = "-DNS_BLOCK_ASSERTIONS=1";
				SDKROOT = iphoneos;
				VALIDATE_PRODUCT = YES;
			};
			name = Release;
		};
		3E37E091143A63E900E5A970 /* Debug */ = {
			isa = XCBuildConfiguration;
			buildSettings = {
				GCC_PRECOMPILE_PREFIX_HEADER = YES;
				GCC_PREFIX_HEADER = "ImageGallery/ImageGallery-Prefix.pch";
				HEADER_SEARCH_PATHS = Vendor/SSToolkit;
				INFOPLIST_FILE = "ImageGallery/ImageGallery-Info.plist";
				OTHER_LDFLAGS = (
					"-all_load",
					"-ObjC",
				);
				PRODUCT_NAME = "$(TARGET_NAME)";
				WRAPPER_EXTENSION = app;
			};
			name = Debug;
		};
		3E37E092143A63E900E5A970 /* Release */ = {
			isa = XCBuildConfiguration;
			buildSettings = {
				GCC_PRECOMPILE_PREFIX_HEADER = YES;
				GCC_PREFIX_HEADER = "ImageGallery/ImageGallery-Prefix.pch";
				HEADER_SEARCH_PATHS = Vendor/SSToolkit;
				INFOPLIST_FILE = "ImageGallery/ImageGallery-Info.plist";
				OTHER_LDFLAGS = (
					"-all_load",
					"-ObjC",
				);
				PRODUCT_NAME = "$(TARGET_NAME)";
				WRAPPER_EXTENSION = app;
			};
			name = Release;
		};
/* End XCBuildConfiguration section */

/* Begin XCConfigurationList section */
		3E37E069143A63E700E5A970 /* Build configuration list for PBXProject "ImageGallery" */ = {
			isa = XCConfigurationList;
			buildConfigurations = (
				3E37E08E143A63E900E5A970 /* Debug */,
				3E37E08F143A63E900E5A970 /* Release */,
			);
			defaultConfigurationIsVisible = 0;
			defaultConfigurationName = Release;
		};
		3E37E090143A63E900E5A970 /* Build configuration list for PBXNativeTarget "ImageGallery" */ = {
			isa = XCConfigurationList;
			buildConfigurations = (
				3E37E091143A63E900E5A970 /* Debug */,
				3E37E092143A63E900E5A970 /* Release */,
			);
			defaultConfigurationIsVisible = 0;
			defaultConfigurationName = Release;
		};
/* End XCConfigurationList section */
	};
	rootObject = 3E37E066143A63E700E5A970 /* Project object */;
}
